
Microsoft Visual Studio Solution File, Format Version 12.00
# Visual Studio 15
VisualStudioVersion = 15.0.27130.2026
MinimumVisualStudioVersion = 10.0.40219.1
Project("{FAE04EC0-301F-11D3-BF4B-00C04F79EFBC}") = "UnitTestAssignment", "UnitTestAssignment\UnitTestAssignment.csproj", "{1BA6DFD4-A8A2-4F33-9E26-51DFE7ED25D0}"
EndProject
Project("{FAE04EC0-301F-11D3-BF4B-00C04F79EFBC}") = "UnitTestAssignmentTest", "UnitTestAssignmentTest\UnitTestAssignmentTest.csproj", "{0F594D92-1C8A-44BB-8226-7546A9B1EBFA}"
EndProject
Global
	GlobalSection(SolutionConfigurationPlatforms) = preSolution
		Debug|Any CPU = Debug|Any CPU
		Release|Any CPU = Release|Any CPU
	EndGlobalSection
	GlobalSection(ProjectConfigurationPlatforms) = postSolution
		{1BA6DFD4-A8A2-4F33-9E26-51DFE7ED25D0}.Debug|Any CPU.ActiveCfg = Debug|Any CPU
		{1BA6DFD4-A8A2-4F33-9E26-51DFE7ED25D0}.Debug|Any CPU.Build.0 = Debug|Any CPU
		{1BA6DFD4-A8A2-4F33-9E26-51DFE7ED25D0}.Release|Any CPU.ActiveCfg = Release|Any CPU
		{1BA6DFD4-A8A2-4F33-9E26-51DFE7ED25D0}.Release|Any CPU.Build.0 = Release|Any CPU
		{0F594D92-1C8A-44BB-8226-7546A9B1EBFA}.Debug|Any CPU.ActiveCfg = Debug|Any CPU
		{0F594D92-1C8A-44BB-8226-7546A9B1EBFA}.Debug|Any CPU.Build.0 = Debug|Any CPU
		{0F594D92-1C8A-44BB-8226-7546A9B1EBFA}.Release|Any CPU.ActiveCfg = Release|Any CPU
		{0F594D92-1C8A-44BB-8226-7546A9B1EBFA}.Release|Any CPU.Build.0 = Release|Any CPU
	EndGlobalSection
	GlobalSection(SolutionProperties) = preSolution
		HideSolutionNode = FALSE
	EndGlobalSection
	GlobalSection(ExtensibilityGlobals) = postSolution
		SolutionGuid = {2591A3A8-6D1C-45A3-832C-B0A787121B81}
	EndGlobalSection
EndGlobal
